
Microsoft Visual Studio Solution File, Format Version 12.00
# Visual Studio Version 17
VisualStudioVersion = 17.0.31903.59
MinimumVisualStudioVersion = 10.0.40219.1
Project("{FAE04EC0-301F-11D3-BF4B-00C04F79EFBC}") = "Core", "Core\Core.csproj", "{2677090E-0E81-4212-993A-355681F6CFCF}"
EndProject
Project("{FAE04EC0-301F-11D3-BF4B-00C04F79EFBC}") = "Hub", "Hub\Hub.csproj", "{DBF46846-5BB2-4220-8AFC-5A7D5E18B0F5}"
EndProject
Project("{2150E333-8FDC-42A3-9474-1A3956D46DE8}") = "Devices", "Devices", "{805CE9A2-A570-45E4-BBED-39F15B94CE09}"
EndProject
Project("{FAE04EC0-301F-11D3-BF4B-00C04F79EFBC}") = "TestThermostat", "Devices\TestThermostat\TestThermostat.csproj", "{133224BC-374E-464A-9520-3AF8D7D20C04}"
EndProject
Global
	GlobalSection(SolutionConfigurationPlatforms) = preSolution
		Debug|Any CPU = Debug|Any CPU
		Release|Any CPU = Release|Any CPU
	EndGlobalSection
	GlobalSection(SolutionProperties) = preSolution
		HideSolutionNode = FALSE
	EndGlobalSection
	GlobalSection(ProjectConfigurationPlatforms) = postSolution
		{2677090E-0E81-4212-993A-355681F6CFCF}.Debug|Any CPU.ActiveCfg = Debug|Any CPU
		{2677090E-0E81-4212-993A-355681F6CFCF}.Debug|Any CPU.Build.0 = Debug|Any CPU
		{2677090E-0E81-4212-993A-355681F6CFCF}.Release|Any CPU.ActiveCfg = Release|Any CPU
		{2677090E-0E81-4212-993A-355681F6CFCF}.Release|Any CPU.Build.0 = Release|Any CPU
		{DBF46846-5BB2-4220-8AFC-5A7D5E18B0F5}.Debug|Any CPU.ActiveCfg = Debug|Any CPU
		{DBF46846-5BB2-4220-8AFC-5A7D5E18B0F5}.Debug|Any CPU.Build.0 = Debug|Any CPU
		{DBF46846-5BB2-4220-8AFC-5A7D5E18B0F5}.Release|Any CPU.ActiveCfg = Release|Any CPU
		{DBF46846-5BB2-4220-8AFC-5A7D5E18B0F5}.Release|Any CPU.Build.0 = Release|Any CPU
		{133224BC-374E-464A-9520-3AF8D7D20C04}.Debug|Any CPU.ActiveCfg = Debug|Any CPU
		{133224BC-374E-464A-9520-3AF8D7D20C04}.Debug|Any CPU.Build.0 = Debug|Any CPU
		{133224BC-374E-464A-9520-3AF8D7D20C04}.Release|Any CPU.ActiveCfg = Release|Any CPU
		{133224BC-374E-464A-9520-3AF8D7D20C04}.Release|Any CPU.Build.0 = Release|Any CPU
	EndGlobalSection
	GlobalSection(NestedProjects) = preSolution
		{133224BC-374E-464A-9520-3AF8D7D20C04} = {805CE9A2-A570-45E4-BBED-39F15B94CE09}
	EndGlobalSection
EndGlobal
